
Microsoft Visual Studio Solution File, Format Version 12.00
# Visual Studio Version 16
VisualStudioVersion = 16.0.30428.66
MinimumVisualStudioVersion = 10.0.40219.1
Project("{FAE04EC0-301F-11D3-BF4B-00C04F79EFBC}") = "PALProgrammingWebTest", "PALProgrammingWebTest.csproj", "{D06C4025-23DB-4854-BFD9-D1EDB3D05914}"
EndProject
Global
	GlobalSection(SolutionConfigurationPlatforms) = preSolution
		Debug|Any CPU = Debug|Any CPU
		Release|Any CPU = Release|Any CPU
	EndGlobalSection
	GlobalSection(ProjectConfigurationPlatforms) = postSolution
		{D06C4025-23DB-4854-BFD9-D1EDB3D05914}.Debug|Any CPU.ActiveCfg = Debug|Any CPU
		{D06C4025-23DB-4854-BFD9-D1EDB3D05914}.Debug|Any CPU.Build.0 = Debug|Any CPU
		{D06C4025-23DB-4854-BFD9-D1EDB3D05914}.Release|Any CPU.ActiveCfg = Release|Any CPU
		{D06C4025-23DB-4854-BFD9-D1EDB3D05914}.Release|Any CPU.Build.0 = Release|Any CPU
	EndGlobalSection
	GlobalSection(SolutionProperties) = preSolution
		HideSolutionNode = FALSE
	EndGlobalSection
	GlobalSection(ExtensibilityGlobals) = postSolution
		SolutionGuid = {6514FF30-F1EA-4993-BF8F-B5F209A631B1}
	EndGlobalSection
EndGlobal
